
Microsoft Visual Studio Solution File, Format Version 12.00
# Visual Studio 15
Project("{FAE04EC0-301F-11D3-BF4B-00C04F79EFBC}") = "Assembly-CSharp", "Assembly-CSharp.csproj", "{3B74B661-7E83-BD6A-EC7E-0DD0453F3F75}"
EndProject
Project("{FAE04EC0-301F-11D3-BF4B-00C04F79EFBC}") = "MagicaClothV2.Editor", "MagicaClothV2.Editor.csproj", "{43A0A402-F2D3-A9A0-DF33-86AF5356D0AC}"
EndProject
Project("{FAE04EC0-301F-11D3-BF4B-00C04F79EFBC}") = "MagicaClothV2", "MagicaClothV2.csproj", "{9CBE716E-61E6-2E7B-EA4A-ED1460078232}"
EndProject
Project("{FAE04EC0-301F-11D3-BF4B-00C04F79EFBC}") = "Unity.PlayableGraphVisualizer.Tests", "Unity.PlayableGraphVisualizer.Tests.csproj", "{2F9E5AF8-DAE8-9F28-0CE4-76F6DBCDBE17}"
EndProject
Project("{FAE04EC0-301F-11D3-BF4B-00C04F79EFBC}") = "Unity.PlayableGraphVisualizer.Editor", "Unity.PlayableGraphVisualizer.Editor.csproj", "{D77E96F6-541C-AC65-D50A-3B7FF6AE5ADC}"
EndProject
Project("{FAE04EC0-301F-11D3-BF4B-00C04F79EFBC}") = "DOTween.Modules", "DOTween.Modules.csproj", "{188B2666-2689-E5B3-7549-86F51A789CED}"
EndProject
Project("{FAE04EC0-301F-11D3-BF4B-00C04F79EFBC}") = "Unity.PlayableGraphVisualizer", "Unity.PlayableGraphVisualizer.csproj", "{8A2D2DF1-FD07-4FB1-2676-11A8FC8C22FE}"
EndProject
Global
	GlobalSection(SolutionConfigurationPlatforms) = preSolution
		Debug|Any CPU = Debug|Any CPU
		Release|Any CPU = Release|Any CPU
	EndGlobalSection
	GlobalSection(ProjectConfigurationPlatforms) = postSolution
		{3B74B661-7E83-BD6A-EC7E-0DD0453F3F75}.Debug|Any CPU.ActiveCfg = Debug|Any CPU
		{3B74B661-7E83-BD6A-EC7E-0DD0453F3F75}.Debug|Any CPU.Build.0 = Debug|Any CPU
		{3B74B661-7E83-BD6A-EC7E-0DD0453F3F75}.Release|Any CPU.ActiveCfg = Release|Any CPU
		{3B74B661-7E83-BD6A-EC7E-0DD0453F3F75}.Release|Any CPU.Build.0 = Release|Any CPU
		{43A0A402-F2D3-A9A0-DF33-86AF5356D0AC}.Debug|Any CPU.ActiveCfg = Debug|Any CPU
		{43A0A402-F2D3-A9A0-DF33-86AF5356D0AC}.Debug|Any CPU.Build.0 = Debug|Any CPU
		{43A0A402-F2D3-A9A0-DF33-86AF5356D0AC}.Release|Any CPU.ActiveCfg = Release|Any CPU
		{43A0A402-F2D3-A9A0-DF33-86AF5356D0AC}.Release|Any CPU.Build.0 = Release|Any CPU
		{9CBE716E-61E6-2E7B-EA4A-ED1460078232}.Debug|Any CPU.ActiveCfg = Debug|Any CPU
		{9CBE716E-61E6-2E7B-EA4A-ED1460078232}.Debug|Any CPU.Build.0 = Debug|Any CPU
		{9CBE716E-61E6-2E7B-EA4A-ED1460078232}.Release|Any CPU.ActiveCfg = Release|Any CPU
		{9CBE716E-61E6-2E7B-EA4A-ED1460078232}.Release|Any CPU.Build.0 = Release|Any CPU
		{2F9E5AF8-DAE8-9F28-0CE4-76F6DBCDBE17}.Debug|Any CPU.ActiveCfg = Debug|Any CPU
		{2F9E5AF8-DAE8-9F28-0CE4-76F6DBCDBE17}.Debug|Any CPU.Build.0 = Debug|Any CPU
		{2F9E5AF8-DAE8-9F28-0CE4-76F6DBCDBE17}.Release|Any CPU.ActiveCfg = Release|Any CPU
		{2F9E5AF8-DAE8-9F28-0CE4-76F6DBCDBE17}.Release|Any CPU.Build.0 = Release|Any CPU
		{D77E96F6-541C-AC65-D50A-3B7FF6AE5ADC}.Debug|Any CPU.ActiveCfg = Debug|Any CPU
		{D77E96F6-541C-AC65-D50A-3B7FF6AE5ADC}.Debug|Any CPU.Build.0 = Debug|Any CPU
		{D77E96F6-541C-AC65-D50A-3B7FF6AE5ADC}.Release|Any CPU.ActiveCfg = Release|Any CPU
		{D77E96F6-541C-AC65-D50A-3B7FF6AE5ADC}.Release|Any CPU.Build.0 = Release|Any CPU
		{188B2666-2689-E5B3-7549-86F51A789CED}.Debug|Any CPU.ActiveCfg = Debug|Any CPU
		{188B2666-2689-E5B3-7549-86F51A789CED}.Debug|Any CPU.Build.0 = Debug|Any CPU
		{188B2666-2689-E5B3-7549-86F51A789CED}.Release|Any CPU.ActiveCfg = Release|Any CPU
		{188B2666-2689-E5B3-7549-86F51A789CED}.Release|Any CPU.Build.0 = Release|Any CPU
		{8A2D2DF1-FD07-4FB1-2676-11A8FC8C22FE}.Debug|Any CPU.ActiveCfg = Debug|Any CPU
		{8A2D2DF1-FD07-4FB1-2676-11A8FC8C22FE}.Debug|Any CPU.Build.0 = Debug|Any CPU
		{8A2D2DF1-FD07-4FB1-2676-11A8FC8C22FE}.Release|Any CPU.ActiveCfg = Release|Any CPU
		{8A2D2DF1-FD07-4FB1-2676-11A8FC8C22FE}.Release|Any CPU.Build.0 = Release|Any CPU
	EndGlobalSection
	GlobalSection(SolutionProperties) = preSolution
		HideSolutionNode = FALSE
	EndGlobalSection
EndGlobal
